
Microsoft Visual Studio Solution File, Format Version 12.00
# Visual Studio Version 17
VisualStudioVersion = 17.9.34728.123
MinimumVisualStudioVersion = 10.0.40219.1
Project("{FAE04EC0-301F-11D3-BF4B-00C04F79EFBC}") = "Software Engineering Pipeline Demo", "Software Engineering Pipeline Demo\Software Engineering Pipeline Demo.csproj", "{849D686C-CCC5-404E-9532-DF7D3BEAC9F3}"
EndProject
Global
	GlobalSection(SolutionConfigurationPlatforms) = preSolution
		Debug|Any CPU = Debug|Any CPU
		Release|Any CPU = Release|Any CPU
	EndGlobalSection
	GlobalSection(ProjectConfigurationPlatforms) = postSolution
		{849D686C-CCC5-404E-9532-DF7D3BEAC9F3}.Debug|Any CPU.ActiveCfg = Debug|Any CPU
		{849D686C-CCC5-404E-9532-DF7D3BEAC9F3}.Debug|Any CPU.Build.0 = Debug|Any CPU
		{849D686C-CCC5-404E-9532-DF7D3BEAC9F3}.Debug|Any CPU.Deploy.0 = Debug|Any CPU
		{849D686C-CCC5-404E-9532-DF7D3BEAC9F3}.Release|Any CPU.ActiveCfg = Release|Any CPU
		{849D686C-CCC5-404E-9532-DF7D3BEAC9F3}.Release|Any CPU.Build.0 = Release|Any CPU
		{849D686C-CCC5-404E-9532-DF7D3BEAC9F3}.Release|Any CPU.Deploy.0 = Release|Any CPU
	EndGlobalSection
	GlobalSection(SolutionProperties) = preSolution
		HideSolutionNode = FALSE
	EndGlobalSection
	GlobalSection(ExtensibilityGlobals) = postSolution
		SolutionGuid = {D6ECC744-2FB8-43AE-9BA7-AE9243F9FFCE}
	EndGlobalSection
EndGlobal
